
Microsoft Visual Studio Solution File, Format Version 12.00
# Visual Studio 15
VisualStudioVersion = 15.0.28307.421
MinimumVisualStudioVersion = 10.0.40219.1
Project("{FAE04EC0-301F-11D3-BF4B-00C04F79EFBC}") = "DeckRacer", "DeckRacer\DeckRacer.csproj", "{D7AA7C6F-14C7-47A4-BF29-B5998949739F}"
EndProject
Global
	GlobalSection(SolutionConfigurationPlatforms) = preSolution
		Debug|Any CPU = Debug|Any CPU
		Release|Any CPU = Release|Any CPU
	EndGlobalSection
	GlobalSection(ProjectConfigurationPlatforms) = postSolution
		{D7AA7C6F-14C7-47A4-BF29-B5998949739F}.Debug|Any CPU.ActiveCfg = Debug|Any CPU
		{D7AA7C6F-14C7-47A4-BF29-B5998949739F}.Debug|Any CPU.Build.0 = Debug|Any CPU
		{D7AA7C6F-14C7-47A4-BF29-B5998949739F}.Release|Any CPU.ActiveCfg = Release|Any CPU
		{D7AA7C6F-14C7-47A4-BF29-B5998949739F}.Release|Any CPU.Build.0 = Release|Any CPU
	EndGlobalSection
	GlobalSection(SolutionProperties) = preSolution
		HideSolutionNode = FALSE
	EndGlobalSection
	GlobalSection(ExtensibilityGlobals) = postSolution
		SolutionGuid = {33E289A7-EA87-4A5E-A720-97A0B6FBD26F}
	EndGlobalSection
EndGlobal
